{
    "_meta": {
        "hash": {
            "sha256": "4a38f19a5415a0282b570af4932276358cf8549ab49b9d31f47edb3829e03bac"
        },
        "pipfile-spec": 6,
        "requires": {
            "python_version": "3.5"
        },
        "sources": [
            {
                "name": "pypi",
                "url": "https://pypi.org/simple",
                "verify_ssl": true
            }
        ]
    },
    "default": {
        "celephais": {
            "path": "."
        }
    },
    "develop": {}
}
